
Microsoft Visual Studio Solution File, Format Version 12.00
# Visual Studio Version 17
VisualStudioVersion = 17.12.35506.116
MinimumVisualStudioVersion = 10.0.40219.1
Project("{FAE04EC0-301F-11D3-BF4B-00C04F79EFBC}") = "MessageBrokerAPI", "MessageBrokerAPI\MessageBrokerAPI.csproj", "{900B730A-408B-4B50-BC75-71FC767A1E7B}"
EndProject
Project("{FAE04EC0-301F-11D3-BF4B-00C04F79EFBC}") = "ConsumerLib", "ConsumerLib\ConsumerLib.csproj", "{7B7836B4-05C4-4042-9664-6A504E0C38BA}"
EndProject
Project("{FAE04EC0-301F-11D3-BF4B-00C04F79EFBC}") = "ProducerLib", "ProducerLib\ProducerLib.csproj", "{15A493B4-B4E0-47F5-A708-80AB3FB46587}"
EndProject
Project("{FAE04EC0-301F-11D3-BF4B-00C04F79EFBC}") = "MessageBrokerLib", "MessageBrokerLib\MessageBrokerLib.csproj", "{8F070CF2-88EE-42D3-B184-454F5B5C173E}"
EndProject
Global
	GlobalSection(SolutionConfigurationPlatforms) = preSolution
		Debug|Any CPU = Debug|Any CPU
		Release|Any CPU = Release|Any CPU
	EndGlobalSection
	GlobalSection(ProjectConfigurationPlatforms) = postSolution
		{900B730A-408B-4B50-BC75-71FC767A1E7B}.Debug|Any CPU.ActiveCfg = Debug|Any CPU
		{900B730A-408B-4B50-BC75-71FC767A1E7B}.Debug|Any CPU.Build.0 = Debug|Any CPU
		{900B730A-408B-4B50-BC75-71FC767A1E7B}.Release|Any CPU.ActiveCfg = Release|Any CPU
		{900B730A-408B-4B50-BC75-71FC767A1E7B}.Release|Any CPU.Build.0 = Release|Any CPU
		{7B7836B4-05C4-4042-9664-6A504E0C38BA}.Debug|Any CPU.ActiveCfg = Debug|Any CPU
		{7B7836B4-05C4-4042-9664-6A504E0C38BA}.Debug|Any CPU.Build.0 = Debug|Any CPU
		{7B7836B4-05C4-4042-9664-6A504E0C38BA}.Release|Any CPU.ActiveCfg = Release|Any CPU
		{7B7836B4-05C4-4042-9664-6A504E0C38BA}.Release|Any CPU.Build.0 = Release|Any CPU
		{15A493B4-B4E0-47F5-A708-80AB3FB46587}.Debug|Any CPU.ActiveCfg = Debug|Any CPU
		{15A493B4-B4E0-47F5-A708-80AB3FB46587}.Debug|Any CPU.Build.0 = Debug|Any CPU
		{15A493B4-B4E0-47F5-A708-80AB3FB46587}.Release|Any CPU.ActiveCfg = Release|Any CPU
		{15A493B4-B4E0-47F5-A708-80AB3FB46587}.Release|Any CPU.Build.0 = Release|Any CPU
		{8F070CF2-88EE-42D3-B184-454F5B5C173E}.Debug|Any CPU.ActiveCfg = Debug|Any CPU
		{8F070CF2-88EE-42D3-B184-454F5B5C173E}.Debug|Any CPU.Build.0 = Debug|Any CPU
		{8F070CF2-88EE-42D3-B184-454F5B5C173E}.Release|Any CPU.ActiveCfg = Release|Any CPU
		{8F070CF2-88EE-42D3-B184-454F5B5C173E}.Release|Any CPU.Build.0 = Release|Any CPU
	EndGlobalSection
	GlobalSection(SolutionProperties) = preSolution
		HideSolutionNode = FALSE
	EndGlobalSection
EndGlobal
